PODS:
  - Flutter (1.0.0)
  - flutter_zalo_sdk (0.0.1):
    - Flutter

DEPENDENCIES:
  - Flutter (from `Flutter`)
  - flutter_zalo_sdk (from `.symlinks/plugins/flutter_zalo_sdk/ios`)

EXTERNAL SOURCES:
  Flutter:
    :path: Flutter
  flutter_zalo_sdk:
    :path: ".symlinks/plugins/flutter_zalo_sdk/ios"

SPEC CHECKSUMS:
  Flutter: 0e3d915762c693b495b44d77113d4970485de6ec
  flutter_zalo_sdk: 2f933fc3b43f227a812606c4a42702b511172a33

PODFILE CHECKSUM: aafe91acc616949ddb318b77800a7f51bffa2a4c

COCOAPODS: 1.9.3
