PODS:
  - Flutter (1.0.0)
  - flutter_zalopay_sdk (0.0.1):
    - Flutter

DEPENDENCIES:
  - Flutter (from `Flutter`)
  - flutter_zalopay_sdk (from `.symlinks/plugins/flutter_zalopay_sdk/ios`)

EXTERNAL SOURCES:
  Flutter:
    :path: Flutter
  flutter_zalopay_sdk:
    :path: ".symlinks/plugins/flutter_zalopay_sdk/ios"

SPEC CHECKSUMS:
  Flutter: 0e3d915762c693b495b44d77113d4970485de6ec
  flutter_zalopay_sdk: 4dfab8a385e710c7ea326341b41de7ae87cde76b

PODFILE CHECKSUM: aafe91acc616949ddb318b77800a7f51bffa2a4c

COCOAPODS: 1.9.3
